
Microsoft Visual Studio Solution File, Format Version 12.00
# Visual Studio Version 16
VisualStudioVersion = 16.0.32602.291
MinimumVisualStudioVersion = 10.0.40219.1
Project("{9A19103F-16F7-4668-BE54-9A1E7A4F7556}") = "KampIntro", "KampIntro\KampIntro.csproj", "{C7F10319-EE28-4E74-884C-648A0D1E43EB}"
EndProject
Project("{9A19103F-16F7-4668-BE54-9A1E7A4F7556}") = "Donguler", "Donguler\Donguler.csproj", "{7FDBD1AE-4025-4E9D-BECE-8F229D6C1671}"
EndProject
Project("{9A19103F-16F7-4668-BE54-9A1E7A4F7556}") = "ClassIntro", "ClassIntro\ClassIntro.csproj", "{6F6D55EC-00D6-4BDA-8875-BD3A3160F70E}"
EndProject
Project("{9A19103F-16F7-4668-BE54-9A1E7A4F7556}") = "Ternary Operatoru", "Ternary Operatoru\Ternary Operatoru.csproj", "{A0DA2421-B91E-4D0B-A9F7-12AA0E36509E}"
EndProject
Project("{9A19103F-16F7-4668-BE54-9A1E7A4F7556}") = "Metotlar", "Metotlar\Metotlar.csproj", "{AE508ED8-0821-4462-9EA0-3F89933209B6}"
EndProject
Project("{9A19103F-16F7-4668-BE54-9A1E7A4F7556}") = "DegerVeReferansTipler", "DegerVeReferansTipler\DegerVeReferansTipler.csproj", "{E5E4432F-6219-45C2-9853-590D0EF7BC91}"
EndProject
Project("{FAE04EC0-301F-11D3-BF4B-00C04F79EFBC}") = "OOP1", "OOP1\OOP1.csproj", "{11B61319-D2F8-44FD-AA4D-7B6EEA4A3FA6}"
EndProject
Project("{FAE04EC0-301F-11D3-BF4B-00C04F79EFBC}") = "Koleksiyonlar", "Koleksiyonlar\Koleksiyonlar.csproj", "{9B72C578-FBEC-4917-9C25-F31508C41069}"
EndProject
Project("{FAE04EC0-301F-11D3-BF4B-00C04F79EFBC}") = "GenericIntro", "GenericIntro\GenericIntro.csproj", "{4C426FCF-748A-4806-B4C5-61D0A5AF197B}"
EndProject
Global
	GlobalSection(SolutionConfigurationPlatforms) = preSolution
		Debug|Any CPU = Debug|Any CPU
		Release|Any CPU = Release|Any CPU
	EndGlobalSection
	GlobalSection(ProjectConfigurationPlatforms) = postSolution
		{C7F10319-EE28-4E74-884C-648A0D1E43EB}.Debug|Any CPU.ActiveCfg = Debug|Any CPU
		{C7F10319-EE28-4E74-884C-648A0D1E43EB}.Debug|Any CPU.Build.0 = Debug|Any CPU
		{C7F10319-EE28-4E74-884C-648A0D1E43EB}.Release|Any CPU.ActiveCfg = Release|Any CPU
		{C7F10319-EE28-4E74-884C-648A0D1E43EB}.Release|Any CPU.Build.0 = Release|Any CPU
		{7FDBD1AE-4025-4E9D-BECE-8F229D6C1671}.Debug|Any CPU.ActiveCfg = Debug|Any CPU
		{7FDBD1AE-4025-4E9D-BECE-8F229D6C1671}.Debug|Any CPU.Build.0 = Debug|Any CPU
		{7FDBD1AE-4025-4E9D-BECE-8F229D6C1671}.Release|Any CPU.ActiveCfg = Release|Any CPU
		{7FDBD1AE-4025-4E9D-BECE-8F229D6C1671}.Release|Any CPU.Build.0 = Release|Any CPU
		{6F6D55EC-00D6-4BDA-8875-BD3A3160F70E}.Debug|Any CPU.ActiveCfg = Debug|Any CPU
		{6F6D55EC-00D6-4BDA-8875-BD3A3160F70E}.Debug|Any CPU.Build.0 = Debug|Any CPU
		{6F6D55EC-00D6-4BDA-8875-BD3A3160F70E}.Release|Any CPU.ActiveCfg = Release|Any CPU
		{6F6D55EC-00D6-4BDA-8875-BD3A3160F70E}.Release|Any CPU.Build.0 = Release|Any CPU
		{A0DA2421-B91E-4D0B-A9F7-12AA0E36509E}.Debug|Any CPU.ActiveCfg = Debug|Any CPU
		{A0DA2421-B91E-4D0B-A9F7-12AA0E36509E}.Debug|Any CPU.Build.0 = Debug|Any CPU
		{A0DA2421-B91E-4D0B-A9F7-12AA0E36509E}.Release|Any CPU.ActiveCfg = Release|Any CPU
		{A0DA2421-B91E-4D0B-A9F7-12AA0E36509E}.Release|Any CPU.Build.0 = Release|Any CPU
		{AE508ED8-0821-4462-9EA0-3F89933209B6}.Debug|Any CPU.ActiveCfg = Debug|Any CPU
		{AE508ED8-0821-4462-9EA0-3F89933209B6}.Debug|Any CPU.Build.0 = Debug|Any CPU
		{AE508ED8-0821-4462-9EA0-3F89933209B6}.Release|Any CPU.ActiveCfg = Release|Any CPU
		{AE508ED8-0821-4462-9EA0-3F89933209B6}.Release|Any CPU.Build.0 = Release|Any CPU
		{E5E4432F-6219-45C2-9853-590D0EF7BC91}.Debug|Any CPU.ActiveCfg = Debug|Any CPU
		{E5E4432F-6219-45C2-9853-590D0EF7BC91}.Debug|Any CPU.Build.0 = Debug|Any CPU
		{E5E4432F-6219-45C2-9853-590D0EF7BC91}.Release|Any CPU.ActiveCfg = Release|Any CPU
		{E5E4432F-6219-45C2-9853-590D0EF7BC91}.Release|Any CPU.Build.0 = Release|Any CPU
		{11B61319-D2F8-44FD-AA4D-7B6EEA4A3FA6}.Debug|Any CPU.ActiveCfg = Debug|Any CPU
		{11B61319-D2F8-44FD-AA4D-7B6EEA4A3FA6}.Debug|Any CPU.Build.0 = Debug|Any CPU
		{11B61319-D2F8-44FD-AA4D-7B6EEA4A3FA6}.Release|Any CPU.ActiveCfg = Release|Any CPU
		{11B61319-D2F8-44FD-AA4D-7B6EEA4A3FA6}.Release|Any CPU.Build.0 = Release|Any CPU
		{9B72C578-FBEC-4917-9C25-F31508C41069}.Debug|Any CPU.ActiveCfg = Debug|Any CPU
		{9B72C578-FBEC-4917-9C25-F31508C41069}.Debug|Any CPU.Build.0 = Debug|Any CPU
		{9B72C578-FBEC-4917-9C25-F31508C41069}.Release|Any CPU.ActiveCfg = Release|Any CPU
		{9B72C578-FBEC-4917-9C25-F31508C41069}.Release|Any CPU.Build.0 = Release|Any CPU
		{4C426FCF-748A-4806-B4C5-61D0A5AF197B}.Debug|Any CPU.ActiveCfg = Debug|Any CPU
		{4C426FCF-748A-4806-B4C5-61D0A5AF197B}.Debug|Any CPU.Build.0 = Debug|Any CPU
		{4C426FCF-748A-4806-B4C5-61D0A5AF197B}.Release|Any CPU.ActiveCfg = Release|Any CPU
		{4C426FCF-748A-4806-B4C5-61D0A5AF197B}.Release|Any CPU.Build.0 = Release|Any CPU
	EndGlobalSection
	GlobalSection(SolutionProperties) = preSolution
		HideSolutionNode = FALSE
	EndGlobalSection
	GlobalSection(ExtensibilityGlobals) = postSolution
		SolutionGuid = {8A7733C2-14BA-45A4-B7AE-135C0D9FA126}
	EndGlobalSection
EndGlobal
